{
  "requires": true,
  "lockfileVersion": 1,
  "dependencies": {
    "react-hook-form": {
      "version": "7.19.1",
      "resolved": "https://registry.npmjs.org/react-hook-form/-/react-hook-form-7.19.1.tgz",
      "integrity": "sha512-e0Oii07qNAa72JeGUT5czVCMwdAFPxmxYvd1Y9oPy2KVD6ZGblN6DG1G7AwL9Bz2lOPFZu15SRNnn0Vpx/eGdg=="
    }
  }
}
